
Microsoft Visual Studio Solution File, Format Version 12.00
# Visual Studio Version 16
VisualStudioVersion = 16.0.29613.14
MinimumVisualStudioVersion = 10.0.40219.1
Project("{FAE04EC0-301F-11D3-BF4B-00C04F79EFBC}") = "StripeCheckout", "StripeCheckout.csproj", "{32BC3AE6-CA20-4BEA-892D-539EBB12344C}"
EndProject
Global
	GlobalSection(SolutionConfigurationPlatforms) = preSolution
		Debug|Any CPU = Debug|Any CPU
		Release|Any CPU = Release|Any CPU
	EndGlobalSection
	GlobalSection(ProjectConfigurationPlatforms) = postSolution
		{32BC3AE6-CA20-4BEA-892D-539EBB12344C}.Debug|Any CPU.ActiveCfg = Debug|Any CPU
		{32BC3AE6-CA20-4BEA-892D-539EBB12344C}.Debug|Any CPU.Build.0 = Debug|Any CPU
		{32BC3AE6-CA20-4BEA-892D-539EBB12344C}.Release|Any CPU.ActiveCfg = Release|Any CPU
		{32BC3AE6-CA20-4BEA-892D-539EBB12344C}.Release|Any CPU.Build.0 = Release|Any CPU
	EndGlobalSection
	GlobalSection(SolutionProperties) = preSolution
		HideSolutionNode = FALSE
	EndGlobalSection
	GlobalSection(ExtensibilityGlobals) = postSolution
		SolutionGuid = {B3B9FDC2-02D4-48F8-9A43-4E92DC5031F2}
	EndGlobalSection
EndGlobal
